
Microsoft Visual Studio Solution File, Format Version 11.00
# Visual Studio Version 17

Project("{8BC9CEB8-8B4A-11D0-8D11-00A0C91BC942}") = "synthSevenT - Standalone Plugin", "synthSevenT_StandalonePlugin.vcxproj", "{501317FB-D9B9-4479-FB2E-F01D7B9C335F}"
	ProjectSection(ProjectDependencies) = postProject
		{222BD533-D507-53FF-9FEB-BF6F38743514} = {222BD533-D507-53FF-9FEB-BF6F38743514}
	EndProjectSection
EndProject
Project("{8BC9CEB8-8B4A-11D0-8D11-00A0C91BC942}") = "synthSevenT - VST3", "synthSevenT_VST3.vcxproj", "{0859FAA0-1A3B-E310-FA6F-44609F140719}"
	ProjectSection(ProjectDependencies) = postProject
		{222BD533-D507-53FF-9FEB-BF6F38743514} = {222BD533-D507-53FF-9FEB-BF6F38743514}
		{B1E384F0-5629-4FF3-E30D-41C47D0D1C26} = {B1E384F0-5629-4FF3-E30D-41C47D0D1C26}
	EndProjectSection
EndProject
Project("{8BC9CEB8-8B4A-11D0-8D11-00A0C91BC942}") = "synthSevenT - Shared Code", "synthSevenT_SharedCode.vcxproj", "{222BD533-D507-53FF-9FEB-BF6F38743514}"
EndProject
Project("{8BC9CEB8-8B4A-11D0-8D11-00A0C91BC942}") = "synthSevenT - VST3 Manifest Helper", "synthSevenT_VST3ManifestHelper.vcxproj", "{B1E384F0-5629-4FF3-E30D-41C47D0D1C26}"
EndProject
Global
	GlobalSection(SolutionConfigurationPlatforms) = preSolution
		Debug|x64 = Debug|x64
		Release|x64 = Release|x64
	EndGlobalSection
	GlobalSection(ProjectConfigurationPlatforms) = postSolution
		{0859FAA0-1A3B-E310-FA6F-44609F140719}.Debug|x64.ActiveCfg = Debug|x64
		{0859FAA0-1A3B-E310-FA6F-44609F140719}.Debug|x64.Build.0 = Debug|x64
		{0859FAA0-1A3B-E310-FA6F-44609F140719}.Release|x64.ActiveCfg = Release|x64
		{0859FAA0-1A3B-E310-FA6F-44609F140719}.Release|x64.Build.0 = Release|x64
		{501317FB-D9B9-4479-FB2E-F01D7B9C335F}.Debug|x64.ActiveCfg = Debug|x64
		{501317FB-D9B9-4479-FB2E-F01D7B9C335F}.Debug|x64.Build.0 = Debug|x64
		{501317FB-D9B9-4479-FB2E-F01D7B9C335F}.Release|x64.ActiveCfg = Release|x64
		{501317FB-D9B9-4479-FB2E-F01D7B9C335F}.Release|x64.Build.0 = Release|x64
		{222BD533-D507-53FF-9FEB-BF6F38743514}.Debug|x64.ActiveCfg = Debug|x64
		{222BD533-D507-53FF-9FEB-BF6F38743514}.Debug|x64.Build.0 = Debug|x64
		{222BD533-D507-53FF-9FEB-BF6F38743514}.Release|x64.ActiveCfg = Release|x64
		{222BD533-D507-53FF-9FEB-BF6F38743514}.Release|x64.Build.0 = Release|x64
		{B1E384F0-5629-4FF3-E30D-41C47D0D1C26}.Debug|x64.ActiveCfg = Debug|x64
		{B1E384F0-5629-4FF3-E30D-41C47D0D1C26}.Debug|x64.Build.0 = Debug|x64
		{B1E384F0-5629-4FF3-E30D-41C47D0D1C26}.Release|x64.ActiveCfg = Release|x64
		{B1E384F0-5629-4FF3-E30D-41C47D0D1C26}.Release|x64.Build.0 = Release|x64
	EndGlobalSection
	GlobalSection(SolutionProperties) = preSolution
		HideSolutionNode = FALSE
	EndGlobalSection
EndGlobal
